# THIS IS AN AUTOGENERATED FILE. DO NOT EDIT THIS FILE DIRECTLY.
# yarn lockfile v1


"@hoishin/tsconfig@2.0.0":
  version "2.0.0"
  resolved "https://registry.yarnpkg.com/@hoishin/tsconfig/-/tsconfig-2.0.0.tgz#bbd2398ef27c0fa0ebca54b1e6e9be585a8e66fe"
  integrity sha512-45PV1ZckyazA4sZx/KU/LWCgNLD4E8bRG6dR1kCXnyGHd+yZJLsF796XPq+1DaNVnVRvqUZ5ZSYBE6dZe31Udw==

"@types/prettier@1.19.0":
  version "1.19.0"
  resolved "https://registry.yarnpkg.com/@types/prettier/-/prettier-1.19.0.tgz#a2502fb7ce9b6626fdbfc2e2a496f472de1bdd05"
  integrity sha512-gDE8JJEygpay7IjA/u3JiIURvwZW08f0cZSZLAzFoX/ZmeqvS0Sqv+97aKuHpNsalAMMhwPe+iAS6fQbfmbt7A==

prettier@1.19.1:
  version "1.19.1"
  resolved "https://registry.yarnpkg.com/prettier/-/prettier-1.19.1.tgz#f7d7f5ff8a9cd872a7be4ca142095956a60797cb"
  integrity sha512-s7PoyDv/II1ObgQunCbB9PdLmUcBZcnWOcxDh7O0N/UwDEsHyqkW+Qh28jW+mVuCdx7gLB0BotYI1Y6uI9iyew==

typescript@3.7.3:
  version "3.7.3"
  resolved "https://registry.yarnpkg.com/typescript/-/typescript-3.7.3.tgz#b36840668a16458a7025b9eabfad11b66ab85c69"
  integrity sha512-Mcr/Qk7hXqFBXMN7p7Lusj1ktCBydylfQM/FZCk5glCNQJrCUKPkMHdo9R0MTFWsC/4kPFvDS0fDPvukfCkFsw==
