# THIS IS AN AUTOGENERATED FILE. DO NOT EDIT THIS FILE DIRECTLY.
# yarn lockfile v1


"@hoishin/tsconfig@2.0.0":
  version "2.0.0"
  resolved "https://registry.yarnpkg.com/@hoishin/tsconfig/-/tsconfig-2.0.0.tgz#bbd2398ef27c0fa0ebca54b1e6e9be585a8e66fe"
  integrity sha512-45PV1ZckyazA4sZx/KU/LWCgNLD4E8bRG6dR1kCXnyGHd+yZJLsF796XPq+1DaNVnVRvqUZ5ZSYBE6dZe31Udw==

"@types/prettier@2.1.5":
  version "2.1.5"
  resolved "https://registry.yarnpkg.com/@types/prettier/-/prettier-2.1.5.tgz#b6ab3bba29e16b821d84e09ecfaded462b816b00"
  integrity sha512-UEyp8LwZ4Dg30kVU2Q3amHHyTn1jEdhCIE59ANed76GaT1Vp76DD3ZWSAxgCrw6wJ0TqeoBpqmfUHiUDPs//HQ==

prettier@2.1.2:
  version "2.1.2"
  resolved "https://registry.yarnpkg.com/prettier/-/prettier-2.1.2.tgz#3050700dae2e4c8b67c4c3f666cdb8af405e1ce5"
  integrity sha512-16c7K+x4qVlJg9rEbXl7HEGmQyZlG4R9AgP+oHKRMsMsuk8s+ATStlf1NpDqyBI1HpVyfjLOeMhH2LvuNvV5Vg==

typescript@3.8.3:
  version "3.8.3"
  resolved "https://registry.yarnpkg.com/typescript/-/typescript-3.8.3.tgz#409eb8544ea0335711205869ec458ab109ee1061"
  integrity sha512-MYlEfn5VrLNsgudQTVJeNaQFUAI7DkhnOjdpAp4T+ku1TfQClewlbSuTVHiA+8skNBgaf02TL/kLOvig4y3G8w==
